// !$*UTF8*$!
{
	archiveVersion = 1;
	classes = {
	};
	objectVersion = 50;
	objects = {

/* Begin PBXGroup section */
		A0B6AE5B21392A94004E8A37 = {
			isa = PBXGroup;
			children = (
			);
			sourceTree = "<group>";
		};
/* End PBXGroup section */

/* Begin PBXProject section */
		A0B6AE5C21392A94004E8A37 /* Project object */ = {
			isa = PBXProject;
			attributes = {
				LastUpgradeCheck = 1000;
			};
			buildConfigurationList = A0B6AE5F21392A94004E8A37 /* Build configuration list for PBXProject "apple-events-calendar" */;
			compatibilityVersion = "Xcode 9.3";
			developmentRegion = en;
			hasScannedForEncodings = 0;
			knownRegions = (
				en,
			);
			mainGroup = A0B6AE5B21392A94004E8A37;
			projectDirPath = "";
			projectRoot = "";
			targets = (
			);
		};
/* End PBXProject section */

/* Begin XCBuildConfiguration section */
		A0B6AE6021392A94004E8A37 /* Debug */ = {
			isa = XCBuildConfiguration;
			buildSettings = {
			};
			name = Debug;
		};
		A0B6AE6121392A94004E8A37 /* Release */ = {
			isa = XCBuildConfiguration;
			buildSettings = {
			};
			name = Release;
		};
/* End XCBuildConfiguration section */

/* Begin XCConfigurationList section */
		A0B6AE5F21392A94004E8A37 /* Build configuration list for PBXProject "apple-events-calendar" */ = {
			isa = XCConfigurationList;
			buildConfigurations = (
				A0B6AE6021392A94004E8A37 /* Debug */,
				A0B6AE6121392A94004E8A37 /* Release */,
			);
			defaultConfigurationIsVisible = 0;
			defaultConfigurationName = Release;
		};
/* End XCConfigurationList section */
	};
	rootObject = A0B6AE5C21392A94004E8A37 /* Project object */;
}
